
Microsoft Visual Studio Solution File, Format Version 12.00
# Visual Studio 15
VisualStudioVersion = 15.0.27703.2026
MinimumVisualStudioVersion = 10.0.40219.1
Project("{FAE04EC0-301F-11D3-BF4B-00C04F79EFBC}") = "CarStoreApp", "CarStoreApp\CarStoreApp.csproj", "{629B17E5-1524-4ED5-A8DC-02CA37E241F8}"
EndProject
Global
	GlobalSection(SolutionConfigurationPlatforms) = preSolution
		Debug|Any CPU = Debug|Any CPU
		Release|Any CPU = Release|Any CPU
	EndGlobalSection
	GlobalSection(ProjectConfigurationPlatforms) = postSolution
		{629B17E5-1524-4ED5-A8DC-02CA37E241F8}.Debug|Any CPU.ActiveCfg = Debug|Any CPU
		{629B17E5-1524-4ED5-A8DC-02CA37E241F8}.Debug|Any CPU.Build.0 = Debug|Any CPU
		{629B17E5-1524-4ED5-A8DC-02CA37E241F8}.Release|Any CPU.ActiveCfg = Release|Any CPU
		{629B17E5-1524-4ED5-A8DC-02CA37E241F8}.Release|Any CPU.Build.0 = Release|Any CPU
	EndGlobalSection
	GlobalSection(SolutionProperties) = preSolution
		HideSolutionNode = FALSE
	EndGlobalSection
	GlobalSection(ExtensibilityGlobals) = postSolution
		SolutionGuid = {C07B1558-9131-46F6-8D81-1BCA2C5359CA}
	EndGlobalSection
EndGlobal
